
Microsoft Visual Studio Solution File, Format Version 9.00
# Visual Studio 2005
Project("{8BC9CEB8-8B4A-11D0-8D11-00A0C91BC942}") = "at_mixed_targets", "at_mixed_targets.vcproj", "{57CAD649-9C8D-4F60-B366-C6573D00EB5C}"
EndProject
Global
	GlobalSection(SolutionConfigurationPlatforms) = preSolution
		Debug|Win32 = Debug|Win32
		Release|Win32 = Release|Win32
	EndGlobalSection
	GlobalSection(ProjectConfigurationPlatforms) = postSolution
		{57CAD649-9C8D-4F60-B366-C6573D00EB5C}.Debug|Win32.ActiveCfg = Debug|Win32
		{57CAD649-9C8D-4F60-B366-C6573D00EB5C}.Debug|Win32.Build.0 = Debug|Win32
		{57CAD649-9C8D-4F60-B366-C6573D00EB5C}.Release|Win32.ActiveCfg = Release|Win32
		{57CAD649-9C8D-4F60-B366-C6573D00EB5C}.Release|Win32.Build.0 = Release|Win32
	EndGlobalSection
	GlobalSection(SolutionProperties) = preSolution
		HideSolutionNode = FALSE
	EndGlobalSection
EndGlobal
