
Microsoft Visual Studio Solution File, Format Version 9.00
# Visual C++ Express 2005
Project("{8BC9CEB8-8B4A-11D0-8D11-00A0C91BC942}") = "generic_payload_burst", "generic_payload_burst.vcproj", "{FF98242C-99D1-4489-9C29-D20949F00E16}"
EndProject
Global
	GlobalSection(SolutionConfigurationPlatforms) = preSolution
		Debug|Win32 = Debug|Win32
		Release|Win32 = Release|Win32
	EndGlobalSection
	GlobalSection(ProjectConfigurationPlatforms) = postSolution
		{FF98242C-99D1-4489-9C29-D20949F00E16}.Debug|Win32.ActiveCfg = Debug|Win32
		{FF98242C-99D1-4489-9C29-D20949F00E16}.Debug|Win32.Build.0 = Debug|Win32
		{FF98242C-99D1-4489-9C29-D20949F00E16}.Release|Win32.ActiveCfg = Release|Win32
		{FF98242C-99D1-4489-9C29-D20949F00E16}.Release|Win32.Build.0 = Release|Win32
	EndGlobalSection
	GlobalSection(SolutionProperties) = preSolution
		HideSolutionNode = FALSE
	EndGlobalSection
EndGlobal
