Microsoft Visual Studio Solution File, Format Version 9.00
# Visual C++ Express 2005
Project("{8BC9CEB8-8B4A-11D0-8D11-00A0C91BC942}") = "gp2ext", "gp2ext.vcproj", "{39B5A580-040F-4095-AA25-49A4317D46BE}"
EndProject
Global
	GlobalSection(SolutionConfigurationPlatforms) = preSolution
		Debug|Win32 = Debug|Win32
		Release|Win32 = Release|Win32
	EndGlobalSection
	GlobalSection(ProjectConfigurationPlatforms) = postSolution
		{39B5A580-040F-4095-AA25-49A4317D46BE}.Debug|Win32.ActiveCfg = Debug|Win32
		{39B5A580-040F-4095-AA25-49A4317D46BE}.Debug|Win32.Build.0 = Debug|Win32
		{39B5A580-040F-4095-AA25-49A4317D46BE}.Release|Win32.ActiveCfg = Release|Win32
		{39B5A580-040F-4095-AA25-49A4317D46BE}.Release|Win32.Build.0 = Release|Win32
	EndGlobalSection
	GlobalSection(SolutionProperties) = preSolution
		HideSolutionNode = FALSE
	EndGlobalSection
EndGlobal
