Microsoft Visual Studio Solution File, Format Version 8.00
Project("{8BC9CEB8-8B4A-11D0-8D11-00A0C91BC942}") = "fft_flpt", "fft_flpt.vcproj", "{D6A71A49-39D8-4ED1-BF7B-4C9A34B3960B}"
	ProjectSection(ProjectDependencies) = postProject
	EndProjectSection
EndProject
Global
	GlobalSection(SolutionConfiguration) = preSolution
		Debug = Debug
		Release = Release
	EndGlobalSection
	GlobalSection(ProjectConfiguration) = postSolution
		{D6A71A49-39D8-4ED1-BF7B-4C9A34B3960B}.Debug.ActiveCfg = Debug|Win32
		{D6A71A49-39D8-4ED1-BF7B-4C9A34B3960B}.Debug.Build.0 = Debug|Win32
		{D6A71A49-39D8-4ED1-BF7B-4C9A34B3960B}.Release.ActiveCfg = Release|Win32
		{D6A71A49-39D8-4ED1-BF7B-4C9A34B3960B}.Release.Build.0 = Release|Win32
	EndGlobalSection
	GlobalSection(ExtensibilityGlobals) = postSolution
	EndGlobalSection
	GlobalSection(ExtensibilityAddIns) = postSolution
	EndGlobalSection
EndGlobal
