
Microsoft Visual Studio Solution File, Format Version 9.00
# Visual C++ Express 2005
Project("{8BC9CEB8-8B4A-11D0-8D11-00A0C91BC942}") = "b_vs_nb", "b_vs_nb.vcproj", "{9FC511A5-7B25-4E92-ADF1-0EB91267666F}"
EndProject
Global
	GlobalSection(SolutionConfigurationPlatforms) = preSolution
		Debug|Win32 = Debug|Win32
		Release|Win32 = Release|Win32
	EndGlobalSection
	GlobalSection(ProjectConfigurationPlatforms) = postSolution
		{9FC511A5-7B25-4E92-ADF1-0EB91267666F}.Debug|Win32.ActiveCfg = Debug|Win32
		{9FC511A5-7B25-4E92-ADF1-0EB91267666F}.Debug|Win32.Build.0 = Debug|Win32
		{9FC511A5-7B25-4E92-ADF1-0EB91267666F}.Release|Win32.ActiveCfg = Release|Win32
		{9FC511A5-7B25-4E92-ADF1-0EB91267666F}.Release|Win32.Build.0 = Release|Win32
	EndGlobalSection
	GlobalSection(SolutionProperties) = preSolution
		HideSolutionNode = FALSE
	EndGlobalSection
EndGlobal
