
Microsoft Visual Studio Solution File, Format Version 9.00
# Visual Studio 2005
Project("{8BC9CEB8-8B4A-11D0-8D11-00A0C91BC942}") = "lt_extension_mandatory", "lt_extension_mandatory.vcproj", "{73DB032D-F15D-4701-B266-8432BB97D219}"
EndProject
Global
	GlobalSection(SolutionConfigurationPlatforms) = preSolution
		Debug|Win32 = Debug|Win32
		Release|Win32 = Release|Win32
	EndGlobalSection
	GlobalSection(ProjectConfigurationPlatforms) = postSolution
		{73DB032D-F15D-4701-B266-8432BB97D219}.Debug|Win32.ActiveCfg = Debug|Win32
		{73DB032D-F15D-4701-B266-8432BB97D219}.Debug|Win32.Build.0 = Debug|Win32
		{73DB032D-F15D-4701-B266-8432BB97D219}.Release|Win32.ActiveCfg = Release|Win32
		{73DB032D-F15D-4701-B266-8432BB97D219}.Release|Win32.Build.0 = Release|Win32
	EndGlobalSection
	GlobalSection(SolutionProperties) = preSolution
		HideSolutionNode = FALSE
	EndGlobalSection
EndGlobal
