
Microsoft Visual Studio Solution File, Format Version 9.00
# Visual C++ Express 2005
Project("{8BC9CEB8-8B4A-11D0-8D11-00A0C91BC942}") = "multi_sockets", "multi_sockets.vcproj", "{A9CB1145-19F6-45B0-8783-BDC5A407C9B2}"
EndProject
Global
	GlobalSection(SolutionConfigurationPlatforms) = preSolution
		Debug|Win32 = Debug|Win32
		Release|Win32 = Release|Win32
	EndGlobalSection
	GlobalSection(ProjectConfigurationPlatforms) = postSolution
		{A9CB1145-19F6-45B0-8783-BDC5A407C9B2}.Debug|Win32.ActiveCfg = Debug|Win32
		{A9CB1145-19F6-45B0-8783-BDC5A407C9B2}.Debug|Win32.Build.0 = Debug|Win32
		{A9CB1145-19F6-45B0-8783-BDC5A407C9B2}.Release|Win32.ActiveCfg = Release|Win32
		{A9CB1145-19F6-45B0-8783-BDC5A407C9B2}.Release|Win32.Build.0 = Release|Win32
	EndGlobalSection
	GlobalSection(SolutionProperties) = preSolution
		HideSolutionNode = FALSE
	EndGlobalSection
EndGlobal
