Microsoft Visual Studio Solution File, Format Version 8.00
Project("{8BC9CEB8-8B4A-11D0-8D11-00A0C91BC942}") = "rsa", "rsa.vcproj", "{202689BA-4FAD-4CE1-A154-4FCA47318922}"
	ProjectSection(ProjectDependencies) = postProject
	EndProjectSection
EndProject
Global
	GlobalSection(SolutionConfiguration) = preSolution
		Debug = Debug
		Release = Release
	EndGlobalSection
	GlobalSection(ProjectConfiguration) = postSolution
		{202689BA-4FAD-4CE1-A154-4FCA47318922}.Debug.ActiveCfg = Debug|Win32
		{202689BA-4FAD-4CE1-A154-4FCA47318922}.Debug.Build.0 = Debug|Win32
		{202689BA-4FAD-4CE1-A154-4FCA47318922}.Release.ActiveCfg = Release|Win32
		{202689BA-4FAD-4CE1-A154-4FCA47318922}.Release.Build.0 = Release|Win32
	EndGlobalSection
	GlobalSection(ExtensibilityGlobals) = postSolution
	EndGlobalSection
	GlobalSection(ExtensibilityAddIns) = postSolution
	EndGlobalSection
EndGlobal
