Microsoft Visual Studio Solution File, Format Version 8.00
Project("{8BC9CEB8-8B4A-11D0-8D11-00A0C91BC942}") = "pipe", "pipe.vcproj", "{C26D31BF-0B98-4994-B25F-ED8ACEFA0A95}"
	ProjectSection(ProjectDependencies) = postProject
	EndProjectSection
EndProject
Global
	GlobalSection(SolutionConfiguration) = preSolution
		Debug = Debug
		Release = Release
	EndGlobalSection
	GlobalSection(ProjectConfiguration) = postSolution
		{C26D31BF-0B98-4994-B25F-ED8ACEFA0A95}.Debug.ActiveCfg = Debug|Win32
		{C26D31BF-0B98-4994-B25F-ED8ACEFA0A95}.Debug.Build.0 = Debug|Win32
		{C26D31BF-0B98-4994-B25F-ED8ACEFA0A95}.Release.ActiveCfg = Release|Win32
		{C26D31BF-0B98-4994-B25F-ED8ACEFA0A95}.Release.Build.0 = Release|Win32
	EndGlobalSection
	GlobalSection(ExtensibilityGlobals) = postSolution
	EndGlobalSection
	GlobalSection(ExtensibilityAddIns) = postSolution
	EndGlobalSection
EndGlobal
