
Microsoft Visual Studio Solution File, Format Version 12.00
# Visual Studio Version 16
VisualStudioVersion = 16.0.32228.343
Project("{8BC9CEB8-8B4A-11D0-8D11-00A0C91BC942}") = "reset_signal_is", "reset_signal_is.vcxproj", "{2B8E2069-D45C-4CE2-8D65-DBFB2B205889}"
EndProject
Global
	GlobalSection(SolutionConfigurationPlatforms) = preSolution
		Debug|Win32 = Debug|Win32
		Debug|x64 = Debug|x64
		Release|Win32 = Release|Win32
		Release|x64 = Release|x64
	EndGlobalSection
	GlobalSection(ProjectConfigurationPlatforms) = postSolution
		{2B8E2069-D45C-4CE2-8D65-DBFB2B205889}.Debug|Win32.ActiveCfg = Debug|Win32
		{2B8E2069-D45C-4CE2-8D65-DBFB2B205889}.Debug|Win32.Build.0 = Debug|Win32
		{2B8E2069-D45C-4CE2-8D65-DBFB2B205889}.Debug|x64.ActiveCfg = Debug|x64
		{2B8E2069-D45C-4CE2-8D65-DBFB2B205889}.Debug|x64.Build.0 = Debug|x64
		{2B8E2069-D45C-4CE2-8D65-DBFB2B205889}.Release|Win32.ActiveCfg = Release|Win32
		{2B8E2069-D45C-4CE2-8D65-DBFB2B205889}.Release|Win32.Build.0 = Release|Win32
		{2B8E2069-D45C-4CE2-8D65-DBFB2B205889}.Release|x64.ActiveCfg = Release|x64
		{2B8E2069-D45C-4CE2-8D65-DBFB2B205889}.Release|x64.Build.0 = Release|x64
	EndGlobalSection
	GlobalSection(SolutionProperties) = preSolution
		HideSolutionNode = FALSE
	EndGlobalSection
EndGlobal
