
Microsoft Visual Studio Solution File, Format Version 9.00
# Visual C++ Express 2005
Project("{8BC9CEB8-8B4A-11D0-8D11-00A0C91BC942}") = "SimpleAt", "SimpleAT.vcproj", "{BF0E054C-75FD-48DD-9558-2DB2DCD24D89}"
EndProject
Global
	GlobalSection(SolutionConfigurationPlatforms) = preSolution
		Debug|Win32 = Debug|Win32
		Release|Win32 = Release|Win32
	EndGlobalSection
	GlobalSection(ProjectConfigurationPlatforms) = postSolution
		{BF0E054C-75FD-48DD-9558-2DB2DCD24D89}.Debug|Win32.ActiveCfg = Debug|Win32
		{BF0E054C-75FD-48DD-9558-2DB2DCD24D89}.Debug|Win32.Build.0 = Debug|Win32
		{BF0E054C-75FD-48DD-9558-2DB2DCD24D89}.Release|Win32.ActiveCfg = Release|Win32
		{BF0E054C-75FD-48DD-9558-2DB2DCD24D89}.Release|Win32.Build.0 = Release|Win32
	EndGlobalSection
	GlobalSection(SolutionProperties) = preSolution
		HideSolutionNode = FALSE
	EndGlobalSection
EndGlobal
