
Microsoft Visual Studio Solution File, Format Version 12.00
# Visual Studio Version 16
VisualStudioVersion = 16.0.32228.343
MinimumVisualStudioVersion = 10.0.40219.1
Project("{2150E333-8FDC-42A3-9474-1A3956D46DE8}") = "2.1", "2.1", "{EA49F7EC-B115-4409-81B7-4F514FE170EA}"
EndProject
Project("{2150E333-8FDC-42A3-9474-1A3956D46DE8}") = "2.3", "2.3", "{D1CC3D13-04DA-4991-86A0-8DE1585A893A}"
EndProject
Project("{2150E333-8FDC-42A3-9474-1A3956D46DE8}") = "fft", "fft", "{AD152989-553E-40D7-A328-9D8C4DF43B6E}"
EndProject
Project("{2150E333-8FDC-42A3-9474-1A3956D46DE8}") = "fir", "fir", "{8488BC8F-C492-406C-AE5D-488A753CE810}"
EndProject
Project("{8BC9CEB8-8B4A-11D0-8D11-00A0C91BC942}") = "dpipe", "..\sysc\2.1\dpipe\dpipe.vcxproj", "{5777AF4E-C70F-4EDF-924C-3520152CDDC9}"
EndProject
Project("{8BC9CEB8-8B4A-11D0-8D11-00A0C91BC942}") = "forkjoin", "..\sysc\2.1\forkjoin\forkjoin.vcxproj", "{44313F6B-8A94-43AE-BD81-4D7F6F8522F2}"
EndProject
Project("{8BC9CEB8-8B4A-11D0-8D11-00A0C91BC942}") = "reset_signal_is", "..\sysc\2.1\reset_signal_is\reset_signal_is.vcxproj", "{2B8E2069-D45C-4CE2-8D65-DBFB2B205889}"
EndProject
Project("{8BC9CEB8-8B4A-11D0-8D11-00A0C91BC942}") = "sc_export", "..\sysc\2.1\sc_export\sc_export.vcxproj", "{E1EA1796-55BF-4570-9905-2986C2DEF683}"
EndProject
Project("{8BC9CEB8-8B4A-11D0-8D11-00A0C91BC942}") = "sc_report", "..\sysc\2.1\sc_report\sc_report.vcxproj", "{823D7385-FB5C-4823-AE8D-2B2032250085}"
EndProject
Project("{8BC9CEB8-8B4A-11D0-8D11-00A0C91BC942}") = "scx_barrier", "..\sysc\2.1\scx_barrier\scx_barrier.vcxproj", "{59B66B48-2280-4933-B940-9526B4FA4E7B}"
EndProject
Project("{8BC9CEB8-8B4A-11D0-8D11-00A0C91BC942}") = "scx_mutex_w_policy", "..\sysc\2.1\scx_mutex_w_policy\scx_mutex_w_policy.vcxproj", "{3185F80B-4CE8-4649-A7F0-A37FA5DA6F3C}"
EndProject
Project("{8BC9CEB8-8B4A-11D0-8D11-00A0C91BC942}") = "sc_rvd", "..\sysc\2.3\sc_rvd\sc_rvd.vcxproj", "{5DA7B653-E73E-4C68-BEF6-382A605B0851}"
EndProject
Project("{8BC9CEB8-8B4A-11D0-8D11-00A0C91BC942}") = "sc_ttd", "..\sysc\2.3\sc_ttd\sc_ttd.vcxproj", "{4A6AD027-9C4C-42BD-A5CE-C7BED609690E}"
EndProject
Project("{8BC9CEB8-8B4A-11D0-8D11-00A0C91BC942}") = "fft_flpt", "..\sysc\fft\fft_flpt\fft_flpt.vcxproj", "{40538B2A-48F0-4EAE-AF89-030942A6DAFE}"
EndProject
Project("{8BC9CEB8-8B4A-11D0-8D11-00A0C91BC942}") = "fft_fxpt", "..\sysc\fft\fft_fxpt\fft_fxpt.vcxproj", "{012C2D43-199A-4899-B057-12FE2E71DFB0}"
EndProject
Project("{8BC9CEB8-8B4A-11D0-8D11-00A0C91BC942}") = "pipe", "..\sysc\pipe\pipe.vcxproj", "{2993F85A-036B-489A-8EE5-ED27E2B1A4E6}"
EndProject
Project("{8BC9CEB8-8B4A-11D0-8D11-00A0C91BC942}") = "pkt_switch", "..\sysc\pkt_switch\pkt_switch.vcxproj", "{8851E829-5B71-4744-BE45-1592FFCBF1F4}"
EndProject
Project("{8BC9CEB8-8B4A-11D0-8D11-00A0C91BC942}") = "risc_cpu", "..\sysc\risc_cpu\risc_cpu.vcxproj", "{7E89CFF9-22EE-45E4-942B-100C34D8AD72}"
EndProject
Project("{8BC9CEB8-8B4A-11D0-8D11-00A0C91BC942}") = "rsa", "..\sysc\rsa\rsa.vcxproj", "{99D7F4F7-B5B9-486E-B0B3-00E0F553B26C}"
EndProject
Project("{8BC9CEB8-8B4A-11D0-8D11-00A0C91BC942}") = "simple_bus", "..\sysc\simple_bus\simple_bus.vcxproj", "{CE91C43D-8F06-4821-A84A-C561D9A19558}"
EndProject
Project("{8BC9CEB8-8B4A-11D0-8D11-00A0C91BC942}") = "simple_fifo", "..\sysc\simple_fifo\simple_fifo.vcxproj", "{1CDB535E-14E9-4E52-8898-0CE0B826B97C}"
EndProject
Project("{8BC9CEB8-8B4A-11D0-8D11-00A0C91BC942}") = "simple_perf", "..\sysc\simple_perf\simple_perf.vcxproj", "{23829CD3-C06B-491E-8A0E-264B3A23FA6F}"
EndProject
Project("{8BC9CEB8-8B4A-11D0-8D11-00A0C91BC942}") = "fir_rtl", "..\sysc\fir\fir_rtl.vcxproj", "{1C76D968-D583-4B12-A138-D52A8AA6E835}"
	ProjectSection(ProjectDependencies) = postProject
		{171393B0-59C8-4E90-96EE-1DDF852CBE9B} = {171393B0-59C8-4E90-96EE-1DDF852CBE9B}
	EndProjectSection
EndProject
Project("{8BC9CEB8-8B4A-11D0-8D11-00A0C91BC942}") = "fir", "..\sysc\fir\fir.vcxproj", "{EF9191E5-B7F6-499A-A3CB-55283EFD6370}"
EndProject
Project("{8BC9CEB8-8B4A-11D0-8D11-00A0C91BC942}") = "fir_common", "..\sysc\fir\fir_common.vcxproj", "{171393B0-59C8-4E90-96EE-1DDF852CBE9B}"
EndProject
Project("{8BC9CEB8-8B4A-11D0-8D11-00A0C91BC942}") = "specialized_signals", "..\sysc\2.1\specialized_signals\specialized_signals.vcxproj", "{CD770F7E-11AA-469F-B0F5-2A8395DF0355}"
EndProject
Project("{8BC9CEB8-8B4A-11D0-8D11-00A0C91BC942}") = "simple_async", "..\sysc\2.3\simple_async\simple_async.vcxproj", "{B2C51629-4AF6-48D0-B54C-378F55C63302}"
EndProject
Global
	GlobalSection(SolutionConfigurationPlatforms) = preSolution
		Debug|Win32 = Debug|Win32
		Debug|x64 = Debug|x64
		Release|Win32 = Release|Win32
		Release|x64 = Release|x64
	EndGlobalSection
	GlobalSection(ProjectConfigurationPlatforms) = postSolution
		{5777AF4E-C70F-4EDF-924C-3520152CDDC9}.Debug|Win32.ActiveCfg = Debug|Win32
		{5777AF4E-C70F-4EDF-924C-3520152CDDC9}.Debug|Win32.Build.0 = Debug|Win32
		{5777AF4E-C70F-4EDF-924C-3520152CDDC9}.Debug|x64.ActiveCfg = Debug|x64
		{5777AF4E-C70F-4EDF-924C-3520152CDDC9}.Debug|x64.Build.0 = Debug|x64
		{5777AF4E-C70F-4EDF-924C-3520152CDDC9}.Release|Win32.ActiveCfg = Release|Win32
		{5777AF4E-C70F-4EDF-924C-3520152CDDC9}.Release|Win32.Build.0 = Release|Win32
		{5777AF4E-C70F-4EDF-924C-3520152CDDC9}.Release|x64.ActiveCfg = Release|x64
		{5777AF4E-C70F-4EDF-924C-3520152CDDC9}.Release|x64.Build.0 = Release|x64
		{44313F6B-8A94-43AE-BD81-4D7F6F8522F2}.Debug|Win32.ActiveCfg = Debug|Win32
		{44313F6B-8A94-43AE-BD81-4D7F6F8522F2}.Debug|Win32.Build.0 = Debug|Win32
		{44313F6B-8A94-43AE-BD81-4D7F6F8522F2}.Debug|x64.ActiveCfg = Debug|x64
		{44313F6B-8A94-43AE-BD81-4D7F6F8522F2}.Debug|x64.Build.0 = Debug|x64
		{44313F6B-8A94-43AE-BD81-4D7F6F8522F2}.Release|Win32.ActiveCfg = Release|Win32
		{44313F6B-8A94-43AE-BD81-4D7F6F8522F2}.Release|Win32.Build.0 = Release|Win32
		{44313F6B-8A94-43AE-BD81-4D7F6F8522F2}.Release|x64.ActiveCfg = Release|x64
		{44313F6B-8A94-43AE-BD81-4D7F6F8522F2}.Release|x64.Build.0 = Release|x64
		{2B8E2069-D45C-4CE2-8D65-DBFB2B205889}.Debug|Win32.ActiveCfg = Debug|Win32
		{2B8E2069-D45C-4CE2-8D65-DBFB2B205889}.Debug|Win32.Build.0 = Debug|Win32
		{2B8E2069-D45C-4CE2-8D65-DBFB2B205889}.Debug|x64.ActiveCfg = Debug|x64
		{2B8E2069-D45C-4CE2-8D65-DBFB2B205889}.Debug|x64.Build.0 = Debug|x64
		{2B8E2069-D45C-4CE2-8D65-DBFB2B205889}.Release|Win32.ActiveCfg = Release|Win32
		{2B8E2069-D45C-4CE2-8D65-DBFB2B205889}.Release|Win32.Build.0 = Release|Win32
		{2B8E2069-D45C-4CE2-8D65-DBFB2B205889}.Release|x64.ActiveCfg = Release|x64
		{2B8E2069-D45C-4CE2-8D65-DBFB2B205889}.Release|x64.Build.0 = Release|x64
		{E1EA1796-55BF-4570-9905-2986C2DEF683}.Debug|Win32.ActiveCfg = Debug|Win32
		{E1EA1796-55BF-4570-9905-2986C2DEF683}.Debug|Win32.Build.0 = Debug|Win32
		{E1EA1796-55BF-4570-9905-2986C2DEF683}.Debug|x64.ActiveCfg = Debug|x64
		{E1EA1796-55BF-4570-9905-2986C2DEF683}.Debug|x64.Build.0 = Debug|x64
		{E1EA1796-55BF-4570-9905-2986C2DEF683}.Release|Win32.ActiveCfg = Release|Win32
		{E1EA1796-55BF-4570-9905-2986C2DEF683}.Release|Win32.Build.0 = Release|Win32
		{E1EA1796-55BF-4570-9905-2986C2DEF683}.Release|x64.ActiveCfg = Release|x64
		{E1EA1796-55BF-4570-9905-2986C2DEF683}.Release|x64.Build.0 = Release|x64
		{823D7385-FB5C-4823-AE8D-2B2032250085}.Debug|Win32.ActiveCfg = Debug|Win32
		{823D7385-FB5C-4823-AE8D-2B2032250085}.Debug|Win32.Build.0 = Debug|Win32
		{823D7385-FB5C-4823-AE8D-2B2032250085}.Debug|x64.ActiveCfg = Debug|x64
		{823D7385-FB5C-4823-AE8D-2B2032250085}.Debug|x64.Build.0 = Debug|x64
		{823D7385-FB5C-4823-AE8D-2B2032250085}.Release|Win32.ActiveCfg = Release|Win32
		{823D7385-FB5C-4823-AE8D-2B2032250085}.Release|Win32.Build.0 = Release|Win32
		{823D7385-FB5C-4823-AE8D-2B2032250085}.Release|x64.ActiveCfg = Release|x64
		{823D7385-FB5C-4823-AE8D-2B2032250085}.Release|x64.Build.0 = Release|x64
		{59B66B48-2280-4933-B940-9526B4FA4E7B}.Debug|Win32.ActiveCfg = Debug|Win32
		{59B66B48-2280-4933-B940-9526B4FA4E7B}.Debug|Win32.Build.0 = Debug|Win32
		{59B66B48-2280-4933-B940-9526B4FA4E7B}.Debug|x64.ActiveCfg = Debug|x64
		{59B66B48-2280-4933-B940-9526B4FA4E7B}.Debug|x64.Build.0 = Debug|x64
		{59B66B48-2280-4933-B940-9526B4FA4E7B}.Release|Win32.ActiveCfg = Release|Win32
		{59B66B48-2280-4933-B940-9526B4FA4E7B}.Release|Win32.Build.0 = Release|Win32
		{59B66B48-2280-4933-B940-9526B4FA4E7B}.Release|x64.ActiveCfg = Release|x64
		{59B66B48-2280-4933-B940-9526B4FA4E7B}.Release|x64.Build.0 = Release|x64
		{3185F80B-4CE8-4649-A7F0-A37FA5DA6F3C}.Debug|Win32.ActiveCfg = Debug|Win32
		{3185F80B-4CE8-4649-A7F0-A37FA5DA6F3C}.Debug|Win32.Build.0 = Debug|Win32
		{3185F80B-4CE8-4649-A7F0-A37FA5DA6F3C}.Debug|x64.ActiveCfg = Debug|x64
		{3185F80B-4CE8-4649-A7F0-A37FA5DA6F3C}.Debug|x64.Build.0 = Debug|x64
		{3185F80B-4CE8-4649-A7F0-A37FA5DA6F3C}.Release|Win32.ActiveCfg = Release|Win32
		{3185F80B-4CE8-4649-A7F0-A37FA5DA6F3C}.Release|Win32.Build.0 = Release|Win32
		{3185F80B-4CE8-4649-A7F0-A37FA5DA6F3C}.Release|x64.ActiveCfg = Release|x64
		{3185F80B-4CE8-4649-A7F0-A37FA5DA6F3C}.Release|x64.Build.0 = Release|x64
		{5DA7B653-E73E-4C68-BEF6-382A605B0851}.Debug|Win32.ActiveCfg = Debug|Win32
		{5DA7B653-E73E-4C68-BEF6-382A605B0851}.Debug|Win32.Build.0 = Debug|Win32
		{5DA7B653-E73E-4C68-BEF6-382A605B0851}.Debug|x64.ActiveCfg = Debug|x64
		{5DA7B653-E73E-4C68-BEF6-382A605B0851}.Debug|x64.Build.0 = Debug|x64
		{5DA7B653-E73E-4C68-BEF6-382A605B0851}.Release|Win32.ActiveCfg = Release|Win32
		{5DA7B653-E73E-4C68-BEF6-382A605B0851}.Release|Win32.Build.0 = Release|Win32
		{5DA7B653-E73E-4C68-BEF6-382A605B0851}.Release|x64.ActiveCfg = Release|x64
		{5DA7B653-E73E-4C68-BEF6-382A605B0851}.Release|x64.Build.0 = Release|x64
		{4A6AD027-9C4C-42BD-A5CE-C7BED609690E}.Debug|Win32.ActiveCfg = Debug|Win32
		{4A6AD027-9C4C-42BD-A5CE-C7BED609690E}.Debug|Win32.Build.0 = Debug|Win32
		{4A6AD027-9C4C-42BD-A5CE-C7BED609690E}.Debug|x64.ActiveCfg = Debug|x64
		{4A6AD027-9C4C-42BD-A5CE-C7BED609690E}.Debug|x64.Build.0 = Debug|x64
		{4A6AD027-9C4C-42BD-A5CE-C7BED609690E}.Release|Win32.ActiveCfg = Release|Win32
		{4A6AD027-9C4C-42BD-A5CE-C7BED609690E}.Release|Win32.Build.0 = Release|Win32
		{4A6AD027-9C4C-42BD-A5CE-C7BED609690E}.Release|x64.ActiveCfg = Release|x64
		{4A6AD027-9C4C-42BD-A5CE-C7BED609690E}.Release|x64.Build.0 = Release|x64
		{40538B2A-48F0-4EAE-AF89-030942A6DAFE}.Debug|Win32.ActiveCfg = Debug|Win32
		{40538B2A-48F0-4EAE-AF89-030942A6DAFE}.Debug|Win32.Build.0 = Debug|Win32
		{40538B2A-48F0-4EAE-AF89-030942A6DAFE}.Debug|x64.ActiveCfg = Debug|x64
		{40538B2A-48F0-4EAE-AF89-030942A6DAFE}.Debug|x64.Build.0 = Debug|x64
		{40538B2A-48F0-4EAE-AF89-030942A6DAFE}.Release|Win32.ActiveCfg = Release|Win32
		{40538B2A-48F0-4EAE-AF89-030942A6DAFE}.Release|Win32.Build.0 = Release|Win32
		{40538B2A-48F0-4EAE-AF89-030942A6DAFE}.Release|x64.ActiveCfg = Release|x64
		{40538B2A-48F0-4EAE-AF89-030942A6DAFE}.Release|x64.Build.0 = Release|x64
		{012C2D43-199A-4899-B057-12FE2E71DFB0}.Debug|Win32.ActiveCfg = Debug|Win32
		{012C2D43-199A-4899-B057-12FE2E71DFB0}.Debug|Win32.Build.0 = Debug|Win32
		{012C2D43-199A-4899-B057-12FE2E71DFB0}.Debug|x64.ActiveCfg = Debug|x64
		{012C2D43-199A-4899-B057-12FE2E71DFB0}.Debug|x64.Build.0 = Debug|x64
		{012C2D43-199A-4899-B057-12FE2E71DFB0}.Release|Win32.ActiveCfg = Release|Win32
		{012C2D43-199A-4899-B057-12FE2E71DFB0}.Release|Win32.Build.0 = Release|Win32
		{012C2D43-199A-4899-B057-12FE2E71DFB0}.Release|x64.ActiveCfg = Release|x64
		{012C2D43-199A-4899-B057-12FE2E71DFB0}.Release|x64.Build.0 = Release|x64
		{2993F85A-036B-489A-8EE5-ED27E2B1A4E6}.Debug|Win32.ActiveCfg = Debug|Win32
		{2993F85A-036B-489A-8EE5-ED27E2B1A4E6}.Debug|Win32.Build.0 = Debug|Win32
		{2993F85A-036B-489A-8EE5-ED27E2B1A4E6}.Debug|x64.ActiveCfg = Debug|x64
		{2993F85A-036B-489A-8EE5-ED27E2B1A4E6}.Debug|x64.Build.0 = Debug|x64
		{2993F85A-036B-489A-8EE5-ED27E2B1A4E6}.Release|Win32.ActiveCfg = Release|Win32
		{2993F85A-036B-489A-8EE5-ED27E2B1A4E6}.Release|Win32.Build.0 = Release|Win32
		{2993F85A-036B-489A-8EE5-ED27E2B1A4E6}.Release|x64.ActiveCfg = Release|x64
		{2993F85A-036B-489A-8EE5-ED27E2B1A4E6}.Release|x64.Build.0 = Release|x64
		{8851E829-5B71-4744-BE45-1592FFCBF1F4}.Debug|Win32.ActiveCfg = Debug|Win32
		{8851E829-5B71-4744-BE45-1592FFCBF1F4}.Debug|Win32.Build.0 = Debug|Win32
		{8851E829-5B71-4744-BE45-1592FFCBF1F4}.Debug|x64.ActiveCfg = Debug|x64
		{8851E829-5B71-4744-BE45-1592FFCBF1F4}.Debug|x64.Build.0 = Debug|x64
		{8851E829-5B71-4744-BE45-1592FFCBF1F4}.Release|Win32.ActiveCfg = Release|Win32
		{8851E829-5B71-4744-BE45-1592FFCBF1F4}.Release|Win32.Build.0 = Release|Win32
		{8851E829-5B71-4744-BE45-1592FFCBF1F4}.Release|x64.ActiveCfg = Release|x64
		{8851E829-5B71-4744-BE45-1592FFCBF1F4}.Release|x64.Build.0 = Release|x64
		{7E89CFF9-22EE-45E4-942B-100C34D8AD72}.Debug|Win32.ActiveCfg = Debug|Win32
		{7E89CFF9-22EE-45E4-942B-100C34D8AD72}.Debug|Win32.Build.0 = Debug|Win32
		{7E89CFF9-22EE-45E4-942B-100C34D8AD72}.Debug|x64.ActiveCfg = Debug|x64
		{7E89CFF9-22EE-45E4-942B-100C34D8AD72}.Debug|x64.Build.0 = Debug|x64
		{7E89CFF9-22EE-45E4-942B-100C34D8AD72}.Release|Win32.ActiveCfg = Release|Win32
		{7E89CFF9-22EE-45E4-942B-100C34D8AD72}.Release|Win32.Build.0 = Release|Win32
		{7E89CFF9-22EE-45E4-942B-100C34D8AD72}.Release|x64.ActiveCfg = Release|x64
		{7E89CFF9-22EE-45E4-942B-100C34D8AD72}.Release|x64.Build.0 = Release|x64
		{99D7F4F7-B5B9-486E-B0B3-00E0F553B26C}.Debug|Win32.ActiveCfg = Debug|Win32
		{99D7F4F7-B5B9-486E-B0B3-00E0F553B26C}.Debug|Win32.Build.0 = Debug|Win32
		{99D7F4F7-B5B9-486E-B0B3-00E0F553B26C}.Debug|x64.ActiveCfg = Debug|x64
		{99D7F4F7-B5B9-486E-B0B3-00E0F553B26C}.Debug|x64.Build.0 = Debug|x64
		{99D7F4F7-B5B9-486E-B0B3-00E0F553B26C}.Release|Win32.ActiveCfg = Release|Win32
		{99D7F4F7-B5B9-486E-B0B3-00E0F553B26C}.Release|Win32.Build.0 = Release|Win32
		{99D7F4F7-B5B9-486E-B0B3-00E0F553B26C}.Release|x64.ActiveCfg = Release|x64
		{99D7F4F7-B5B9-486E-B0B3-00E0F553B26C}.Release|x64.Build.0 = Release|x64
		{CE91C43D-8F06-4821-A84A-C561D9A19558}.Debug|Win32.ActiveCfg = Debug|Win32
		{CE91C43D-8F06-4821-A84A-C561D9A19558}.Debug|Win32.Build.0 = Debug|Win32
		{CE91C43D-8F06-4821-A84A-C561D9A19558}.Debug|x64.ActiveCfg = Debug|x64
		{CE91C43D-8F06-4821-A84A-C561D9A19558}.Debug|x64.Build.0 = Debug|x64
		{CE91C43D-8F06-4821-A84A-C561D9A19558}.Release|Win32.ActiveCfg = Release|Win32
		{CE91C43D-8F06-4821-A84A-C561D9A19558}.Release|Win32.Build.0 = Release|Win32
		{CE91C43D-8F06-4821-A84A-C561D9A19558}.Release|x64.ActiveCfg = Release|x64
		{CE91C43D-8F06-4821-A84A-C561D9A19558}.Release|x64.Build.0 = Release|x64
		{1CDB535E-14E9-4E52-8898-0CE0B826B97C}.Debug|Win32.ActiveCfg = Debug|Win32
		{1CDB535E-14E9-4E52-8898-0CE0B826B97C}.Debug|Win32.Build.0 = Debug|Win32
		{1CDB535E-14E9-4E52-8898-0CE0B826B97C}.Debug|x64.ActiveCfg = Debug|x64
		{1CDB535E-14E9-4E52-8898-0CE0B826B97C}.Debug|x64.Build.0 = Debug|x64
		{1CDB535E-14E9-4E52-8898-0CE0B826B97C}.Release|Win32.ActiveCfg = Release|Win32
		{1CDB535E-14E9-4E52-8898-0CE0B826B97C}.Release|Win32.Build.0 = Release|Win32
		{1CDB535E-14E9-4E52-8898-0CE0B826B97C}.Release|x64.ActiveCfg = Release|x64
		{1CDB535E-14E9-4E52-8898-0CE0B826B97C}.Release|x64.Build.0 = Release|x64
		{23829CD3-C06B-491E-8A0E-264B3A23FA6F}.Debug|Win32.ActiveCfg = Debug|Win32
		{23829CD3-C06B-491E-8A0E-264B3A23FA6F}.Debug|Win32.Build.0 = Debug|Win32
		{23829CD3-C06B-491E-8A0E-264B3A23FA6F}.Debug|x64.ActiveCfg = Debug|x64
		{23829CD3-C06B-491E-8A0E-264B3A23FA6F}.Debug|x64.Build.0 = Debug|x64
		{23829CD3-C06B-491E-8A0E-264B3A23FA6F}.Release|Win32.ActiveCfg = Release|Win32
		{23829CD3-C06B-491E-8A0E-264B3A23FA6F}.Release|Win32.Build.0 = Release|Win32
		{23829CD3-C06B-491E-8A0E-264B3A23FA6F}.Release|x64.ActiveCfg = Release|x64
		{23829CD3-C06B-491E-8A0E-264B3A23FA6F}.Release|x64.Build.0 = Release|x64
		{1C76D968-D583-4B12-A138-D52A8AA6E835}.Debug|Win32.ActiveCfg = Debug|Win32
		{1C76D968-D583-4B12-A138-D52A8AA6E835}.Debug|Win32.Build.0 = Debug|Win32
		{1C76D968-D583-4B12-A138-D52A8AA6E835}.Debug|x64.ActiveCfg = Debug|x64
		{1C76D968-D583-4B12-A138-D52A8AA6E835}.Debug|x64.Build.0 = Debug|x64
		{1C76D968-D583-4B12-A138-D52A8AA6E835}.Release|Win32.ActiveCfg = Release|Win32
		{1C76D968-D583-4B12-A138-D52A8AA6E835}.Release|Win32.Build.0 = Release|Win32
		{1C76D968-D583-4B12-A138-D52A8AA6E835}.Release|x64.ActiveCfg = Release|x64
		{1C76D968-D583-4B12-A138-D52A8AA6E835}.Release|x64.Build.0 = Release|x64
		{EF9191E5-B7F6-499A-A3CB-55283EFD6370}.Debug|Win32.ActiveCfg = Debug|Win32
		{EF9191E5-B7F6-499A-A3CB-55283EFD6370}.Debug|Win32.Build.0 = Debug|Win32
		{EF9191E5-B7F6-499A-A3CB-55283EFD6370}.Debug|x64.ActiveCfg = Debug|x64
		{EF9191E5-B7F6-499A-A3CB-55283EFD6370}.Debug|x64.Build.0 = Debug|x64
		{EF9191E5-B7F6-499A-A3CB-55283EFD6370}.Release|Win32.ActiveCfg = Release|Win32
		{EF9191E5-B7F6-499A-A3CB-55283EFD6370}.Release|Win32.Build.0 = Release|Win32
		{EF9191E5-B7F6-499A-A3CB-55283EFD6370}.Release|x64.ActiveCfg = Release|x64
		{EF9191E5-B7F6-499A-A3CB-55283EFD6370}.Release|x64.Build.0 = Release|x64
		{171393B0-59C8-4E90-96EE-1DDF852CBE9B}.Debug|Win32.ActiveCfg = Debug|Win32
		{171393B0-59C8-4E90-96EE-1DDF852CBE9B}.Debug|Win32.Build.0 = Debug|Win32
		{171393B0-59C8-4E90-96EE-1DDF852CBE9B}.Debug|x64.ActiveCfg = Debug|x64
		{171393B0-59C8-4E90-96EE-1DDF852CBE9B}.Debug|x64.Build.0 = Debug|x64
		{171393B0-59C8-4E90-96EE-1DDF852CBE9B}.Release|Win32.ActiveCfg = Release|Win32
		{171393B0-59C8-4E90-96EE-1DDF852CBE9B}.Release|Win32.Build.0 = Release|Win32
		{171393B0-59C8-4E90-96EE-1DDF852CBE9B}.Release|x64.ActiveCfg = Release|x64
		{171393B0-59C8-4E90-96EE-1DDF852CBE9B}.Release|x64.Build.0 = Release|x64
		{CD770F7E-11AA-469F-B0F5-2A8395DF0355}.Debug|Win32.ActiveCfg = Debug|Win32
		{CD770F7E-11AA-469F-B0F5-2A8395DF0355}.Debug|Win32.Build.0 = Debug|Win32
		{CD770F7E-11AA-469F-B0F5-2A8395DF0355}.Debug|x64.ActiveCfg = Debug|x64
		{CD770F7E-11AA-469F-B0F5-2A8395DF0355}.Debug|x64.Build.0 = Debug|x64
		{CD770F7E-11AA-469F-B0F5-2A8395DF0355}.Release|Win32.ActiveCfg = Release|Win32
		{CD770F7E-11AA-469F-B0F5-2A8395DF0355}.Release|Win32.Build.0 = Release|Win32
		{CD770F7E-11AA-469F-B0F5-2A8395DF0355}.Release|x64.ActiveCfg = Release|x64
		{CD770F7E-11AA-469F-B0F5-2A8395DF0355}.Release|x64.Build.0 = Release|x64
		{B2C51629-4AF6-48D0-B54C-378F55C63302}.Debug|Win32.ActiveCfg = Debug|Win32
		{B2C51629-4AF6-48D0-B54C-378F55C63302}.Debug|Win32.Build.0 = Debug|Win32
		{B2C51629-4AF6-48D0-B54C-378F55C63302}.Debug|x64.ActiveCfg = Debug|x64
		{B2C51629-4AF6-48D0-B54C-378F55C63302}.Debug|x64.Build.0 = Debug|x64
		{B2C51629-4AF6-48D0-B54C-378F55C63302}.Release|Win32.ActiveCfg = Release|Win32
		{B2C51629-4AF6-48D0-B54C-378F55C63302}.Release|Win32.Build.0 = Release|Win32
		{B2C51629-4AF6-48D0-B54C-378F55C63302}.Release|x64.ActiveCfg = Release|x64
		{B2C51629-4AF6-48D0-B54C-378F55C63302}.Release|x64.Build.0 = Release|x64
	EndGlobalSection
	GlobalSection(SolutionProperties) = preSolution
		HideSolutionNode = FALSE
	EndGlobalSection
	GlobalSection(NestedProjects) = preSolution
		{5777AF4E-C70F-4EDF-924C-3520152CDDC9} = {EA49F7EC-B115-4409-81B7-4F514FE170EA}
		{44313F6B-8A94-43AE-BD81-4D7F6F8522F2} = {EA49F7EC-B115-4409-81B7-4F514FE170EA}
		{2B8E2069-D45C-4CE2-8D65-DBFB2B205889} = {EA49F7EC-B115-4409-81B7-4F514FE170EA}
		{E1EA1796-55BF-4570-9905-2986C2DEF683} = {EA49F7EC-B115-4409-81B7-4F514FE170EA}
		{823D7385-FB5C-4823-AE8D-2B2032250085} = {EA49F7EC-B115-4409-81B7-4F514FE170EA}
		{59B66B48-2280-4933-B940-9526B4FA4E7B} = {EA49F7EC-B115-4409-81B7-4F514FE170EA}
		{3185F80B-4CE8-4649-A7F0-A37FA5DA6F3C} = {EA49F7EC-B115-4409-81B7-4F514FE170EA}
		{5DA7B653-E73E-4C68-BEF6-382A605B0851} = {D1CC3D13-04DA-4991-86A0-8DE1585A893A}
		{4A6AD027-9C4C-42BD-A5CE-C7BED609690E} = {D1CC3D13-04DA-4991-86A0-8DE1585A893A}
		{40538B2A-48F0-4EAE-AF89-030942A6DAFE} = {AD152989-553E-40D7-A328-9D8C4DF43B6E}
		{012C2D43-199A-4899-B057-12FE2E71DFB0} = {AD152989-553E-40D7-A328-9D8C4DF43B6E}
		{1C76D968-D583-4B12-A138-D52A8AA6E835} = {8488BC8F-C492-406C-AE5D-488A753CE810}
		{EF9191E5-B7F6-499A-A3CB-55283EFD6370} = {8488BC8F-C492-406C-AE5D-488A753CE810}
		{171393B0-59C8-4E90-96EE-1DDF852CBE9B} = {8488BC8F-C492-406C-AE5D-488A753CE810}
		{CD770F7E-11AA-469F-B0F5-2A8395DF0355} = {EA49F7EC-B115-4409-81B7-4F514FE170EA}
		{B2C51629-4AF6-48D0-B54C-378F55C63302} = {D1CC3D13-04DA-4991-86A0-8DE1585A893A}
	EndGlobalSection
	GlobalSection(ExtensibilityGlobals) = postSolution
		SolutionGuid = {38B0603A-CE6F-4A1A-88D6-8F0F4937041B}
	EndGlobalSection
EndGlobal
